
Microsoft Visual Studio Solution File, Format Version 12.00
# Visual Studio Version 17
VisualStudioVersion = 17.0.31903.59
MinimumVisualStudioVersion = 10.0.40219.1
Project("{2150E333-8FDC-42A3-9474-1A3956D46DE8}") = "src", "src", "{4CA5AC91-66BF-4D5D-BDA4-06DA1AA157A1}"
EndProject
Project("{FAE04EC0-301F-11D3-BF4B-00C04F79EFBC}") = "Domain", "src\Domain\Domain.csproj", "{3349C5F0-0EDA-40DC-A366-C758E51CCB91}"
EndProject
Project("{2150E333-8FDC-42A3-9474-1A3956D46DE8}") = "tests", "tests", "{6CC857BE-8318-4172-BD65-AC8FAA570127}"
EndProject
Project("{FAE04EC0-301F-11D3-BF4B-00C04F79EFBC}") = "UnitTests", "tests\UnitTests\UnitTests.csproj", "{76AA3329-E982-4D2B-87E1-37FD84BDAB32}"
EndProject
Project("{FAE04EC0-301F-11D3-BF4B-00C04F79EFBC}") = "Infrastructure", "src\Infrastructure\Infrastructure.csproj", "{2362110B-4EEE-4AEE-8DE6-784237AE040B}"
EndProject
Project("{FAE04EC0-301F-11D3-BF4B-00C04F79EFBC}") = "Application", "src\Application\Application.csproj", "{4CD534D1-4172-4431-9199-3D6B1D44A3F0}"
EndProject
Project("{FAE04EC0-301F-11D3-BF4B-00C04F79EFBC}") = "API", "src\API\API.csproj", "{7D34BD55-3158-4B1A-80D0-5043A87E5CFE}"
EndProject
Project("{FAE04EC0-301F-11D3-BF4B-00C04F79EFBC}") = "Migrations", "src\Migrations\Migrations.csproj", "{786C3ADB-0654-4D7D-8213-7CFCAF182B10}"
EndProject
Global
	GlobalSection(SolutionConfigurationPlatforms) = preSolution
		Debug|Any CPU = Debug|Any CPU
		Release|Any CPU = Release|Any CPU
	EndGlobalSection
	GlobalSection(SolutionProperties) = preSolution
		HideSolutionNode = FALSE
	EndGlobalSection
	GlobalSection(ProjectConfigurationPlatforms) = postSolution
		{3349C5F0-0EDA-40DC-A366-C758E51CCB91}.Debug|Any CPU.ActiveCfg = Debug|Any CPU
		{3349C5F0-0EDA-40DC-A366-C758E51CCB91}.Debug|Any CPU.Build.0 = Debug|Any CPU
		{3349C5F0-0EDA-40DC-A366-C758E51CCB91}.Release|Any CPU.ActiveCfg = Release|Any CPU
		{3349C5F0-0EDA-40DC-A366-C758E51CCB91}.Release|Any CPU.Build.0 = Release|Any CPU
		{76AA3329-E982-4D2B-87E1-37FD84BDAB32}.Debug|Any CPU.ActiveCfg = Debug|Any CPU
		{76AA3329-E982-4D2B-87E1-37FD84BDAB32}.Debug|Any CPU.Build.0 = Debug|Any CPU
		{76AA3329-E982-4D2B-87E1-37FD84BDAB32}.Release|Any CPU.ActiveCfg = Release|Any CPU
		{76AA3329-E982-4D2B-87E1-37FD84BDAB32}.Release|Any CPU.Build.0 = Release|Any CPU
		{2362110B-4EEE-4AEE-8DE6-784237AE040B}.Debug|Any CPU.ActiveCfg = Debug|Any CPU
		{2362110B-4EEE-4AEE-8DE6-784237AE040B}.Debug|Any CPU.Build.0 = Debug|Any CPU
		{2362110B-4EEE-4AEE-8DE6-784237AE040B}.Release|Any CPU.ActiveCfg = Release|Any CPU
		{2362110B-4EEE-4AEE-8DE6-784237AE040B}.Release|Any CPU.Build.0 = Release|Any CPU
		{4CD534D1-4172-4431-9199-3D6B1D44A3F0}.Debug|Any CPU.ActiveCfg = Debug|Any CPU
		{4CD534D1-4172-4431-9199-3D6B1D44A3F0}.Debug|Any CPU.Build.0 = Debug|Any CPU
		{4CD534D1-4172-4431-9199-3D6B1D44A3F0}.Release|Any CPU.ActiveCfg = Release|Any CPU
		{4CD534D1-4172-4431-9199-3D6B1D44A3F0}.Release|Any CPU.Build.0 = Release|Any CPU
		{7D34BD55-3158-4B1A-80D0-5043A87E5CFE}.Debug|Any CPU.ActiveCfg = Debug|Any CPU
		{7D34BD55-3158-4B1A-80D0-5043A87E5CFE}.Debug|Any CPU.Build.0 = Debug|Any CPU
		{7D34BD55-3158-4B1A-80D0-5043A87E5CFE}.Release|Any CPU.ActiveCfg = Release|Any CPU
		{7D34BD55-3158-4B1A-80D0-5043A87E5CFE}.Release|Any CPU.Build.0 = Release|Any CPU
		{786C3ADB-0654-4D7D-8213-7CFCAF182B10}.Debug|Any CPU.ActiveCfg = Debug|Any CPU
		{786C3ADB-0654-4D7D-8213-7CFCAF182B10}.Debug|Any CPU.Build.0 = Debug|Any CPU
		{786C3ADB-0654-4D7D-8213-7CFCAF182B10}.Release|Any CPU.ActiveCfg = Release|Any CPU
		{786C3ADB-0654-4D7D-8213-7CFCAF182B10}.Release|Any CPU.Build.0 = Release|Any CPU
	EndGlobalSection
	GlobalSection(NestedProjects) = preSolution
		{3349C5F0-0EDA-40DC-A366-C758E51CCB91} = {4CA5AC91-66BF-4D5D-BDA4-06DA1AA157A1}
		{76AA3329-E982-4D2B-87E1-37FD84BDAB32} = {6CC857BE-8318-4172-BD65-AC8FAA570127}
		{2362110B-4EEE-4AEE-8DE6-784237AE040B} = {4CA5AC91-66BF-4D5D-BDA4-06DA1AA157A1}
		{4CD534D1-4172-4431-9199-3D6B1D44A3F0} = {4CA5AC91-66BF-4D5D-BDA4-06DA1AA157A1}
		{7D34BD55-3158-4B1A-80D0-5043A87E5CFE} = {4CA5AC91-66BF-4D5D-BDA4-06DA1AA157A1}
		{786C3ADB-0654-4D7D-8213-7CFCAF182B10} = {4CA5AC91-66BF-4D5D-BDA4-06DA1AA157A1}
	EndGlobalSection
EndGlobal
